
Microsoft Visual Studio Solution File, Format Version 12.00
# Visual Studio 15
VisualStudioVersion = 15.0.28307.757
MinimumVisualStudioVersion = 10.0.40219.1
Project("{FAE04EC0-301F-11D3-BF4B-00C04F79EFBC}") = "Hack", "Hack\Hack.csproj", "{50C72BBA-F0D8-41B8-9105-515F9E3B2F30}"
EndProject
Global
	GlobalSection(SolutionConfigurationPlatforms) = preSolution
		Debug|Any CPU = Debug|Any CPU
		Release|Any CPU = Release|Any CPU
	EndGlobalSection
	GlobalSection(ProjectConfigurationPlatforms) = postSolution
		{50C72BBA-F0D8-41B8-9105-515F9E3B2F30}.Debug|Any CPU.ActiveCfg = Debug|Any CPU
		{50C72BBA-F0D8-41B8-9105-515F9E3B2F30}.Debug|Any CPU.Build.0 = Debug|Any CPU
		{50C72BBA-F0D8-41B8-9105-515F9E3B2F30}.Release|Any CPU.ActiveCfg = Release|Any CPU
		{50C72BBA-F0D8-41B8-9105-515F9E3B2F30}.Release|Any CPU.Build.0 = Release|Any CPU
	EndGlobalSection
	GlobalSection(SolutionProperties) = preSolution
		HideSolutionNode = FALSE
	EndGlobalSection
	GlobalSection(ExtensibilityGlobals) = postSolution
		SolutionGuid = {C72749B9-0CC4-412F-9A89-898563C3B356}
	EndGlobalSection
EndGlobal
